
Microsoft Visual Studio Solution File, Format Version 12.00
# Visual Studio Version 16
VisualStudioVersion = 16.0.29728.190
MinimumVisualStudioVersion = 10.0.40219.1
Project("{FAE04EC0-301F-11D3-BF4B-00C04F79EFBC}") = "Store", "Store\Store.csproj", "{A6632558-E60D-4BC5-9AE0-3D14E196BF70}"
EndProject
Global
	GlobalSection(SolutionConfigurationPlatforms) = preSolution
		Debug|Any CPU = Debug|Any CPU
		Release|Any CPU = Release|Any CPU
	EndGlobalSection
	GlobalSection(ProjectConfigurationPlatforms) = postSolution
		{A6632558-E60D-4BC5-9AE0-3D14E196BF70}.Debug|Any CPU.ActiveCfg = Debug|Any CPU
		{A6632558-E60D-4BC5-9AE0-3D14E196BF70}.Debug|Any CPU.Build.0 = Debug|Any CPU
		{A6632558-E60D-4BC5-9AE0-3D14E196BF70}.Release|Any CPU.ActiveCfg = Release|Any CPU
		{A6632558-E60D-4BC5-9AE0-3D14E196BF70}.Release|Any CPU.Build.0 = Release|Any CPU
	EndGlobalSection
	GlobalSection(SolutionProperties) = preSolution
		HideSolutionNode = FALSE
	EndGlobalSection
	GlobalSection(ExtensibilityGlobals) = postSolution
		SolutionGuid = {213CE6FA-73B8-4DB8-B3E0-86372B0EF747}
	EndGlobalSection
EndGlobal
